
Microsoft Visual Studio Solution File, Format Version 12.00
# Visual Studio 15
VisualStudioVersion = 15.0.26124.0
MinimumVisualStudioVersion = 15.0.26124.0
Project("{2150E333-8FDC-42A3-9474-1A3956D46DE8}") = "src", "src", "{F520F3D9-D127-47E4-BB88-655CA90D6EE1}"
EndProject
Project("{FAE04EC0-301F-11D3-BF4B-00C04F79EFBC}") = "Conjure.Controls", "src\Conjure.Controls\Conjure.Controls.csproj", "{6CB2F40F-0B79-4E2B-918D-DE04061BBB1E}"
EndProject
Project("{FAE04EC0-301F-11D3-BF4B-00C04F79EFBC}") = "Conjure.Security", "src\Conjure.Security\Conjure.Security.csproj", "{892F8523-E62D-4B97-9645-258C70077883}"
EndProject
Project("{FAE04EC0-301F-11D3-BF4B-00C04F79EFBC}") = "Conjure.Security.Client", "src\Conjure.Security.Client\Conjure.Security.Client.csproj", "{C909E6C0-E387-4822-B02B-739297A96BB5}"
EndProject
Project("{FAE04EC0-301F-11D3-BF4B-00C04F79EFBC}") = "Conjure.Security.Server", "src\Conjure.Security.Server\Conjure.Security.Server.csproj", "{830EBF65-B12B-4472-8552-31B7A15C7D4A}"
EndProject
Project("{FAE04EC0-301F-11D3-BF4B-00C04F79EFBC}") = "Example.Client", "src\Example.Client\Example.Client.csproj", "{D3750E7B-AC3C-42F3-8B05-0D97927629B3}"
EndProject
Project("{FAE04EC0-301F-11D3-BF4B-00C04F79EFBC}") = "Example.Server", "src\Example.Server\Example.Server.csproj", "{DABF673C-FC29-49EA-83E2-E64AC1BB7B81}"
EndProject
Project("{FAE04EC0-301F-11D3-BF4B-00C04F79EFBC}") = "Example.Shared", "src\Example.Shared\Example.Shared.csproj", "{0D24C962-DB27-47B4-AABF-A6F30D2AE300}"
EndProject
Global
	GlobalSection(SolutionConfigurationPlatforms) = preSolution
		Debug|Any CPU = Debug|Any CPU
		Debug|x64 = Debug|x64
		Debug|x86 = Debug|x86
		Release|Any CPU = Release|Any CPU
		Release|x64 = Release|x64
		Release|x86 = Release|x86
	EndGlobalSection
	GlobalSection(SolutionProperties) = preSolution
		HideSolutionNode = FALSE
	EndGlobalSection
	GlobalSection(ProjectConfigurationPlatforms) = postSolution
		{6CB2F40F-0B79-4E2B-918D-DE04061BBB1E}.Debug|Any CPU.ActiveCfg = Debug|Any CPU
		{6CB2F40F-0B79-4E2B-918D-DE04061BBB1E}.Debug|Any CPU.Build.0 = Debug|Any CPU
		{6CB2F40F-0B79-4E2B-918D-DE04061BBB1E}.Debug|x64.ActiveCfg = Debug|Any CPU
		{6CB2F40F-0B79-4E2B-918D-DE04061BBB1E}.Debug|x64.Build.0 = Debug|Any CPU
		{6CB2F40F-0B79-4E2B-918D-DE04061BBB1E}.Debug|x86.ActiveCfg = Debug|Any CPU
		{6CB2F40F-0B79-4E2B-918D-DE04061BBB1E}.Debug|x86.Build.0 = Debug|Any CPU
		{6CB2F40F-0B79-4E2B-918D-DE04061BBB1E}.Release|Any CPU.ActiveCfg = Release|Any CPU
		{6CB2F40F-0B79-4E2B-918D-DE04061BBB1E}.Release|Any CPU.Build.0 = Release|Any CPU
		{6CB2F40F-0B79-4E2B-918D-DE04061BBB1E}.Release|x64.ActiveCfg = Release|Any CPU
		{6CB2F40F-0B79-4E2B-918D-DE04061BBB1E}.Release|x64.Build.0 = Release|Any CPU
		{6CB2F40F-0B79-4E2B-918D-DE04061BBB1E}.Release|x86.ActiveCfg = Release|Any CPU
		{6CB2F40F-0B79-4E2B-918D-DE04061BBB1E}.Release|x86.Build.0 = Release|Any CPU
		{892F8523-E62D-4B97-9645-258C70077883}.Debug|Any CPU.ActiveCfg = Debug|Any CPU
		{892F8523-E62D-4B97-9645-258C70077883}.Debug|Any CPU.Build.0 = Debug|Any CPU
		{892F8523-E62D-4B97-9645-258C70077883}.Debug|x64.ActiveCfg = Debug|Any CPU
		{892F8523-E62D-4B97-9645-258C70077883}.Debug|x64.Build.0 = Debug|Any CPU
		{892F8523-E62D-4B97-9645-258C70077883}.Debug|x86.ActiveCfg = Debug|Any CPU
		{892F8523-E62D-4B97-9645-258C70077883}.Debug|x86.Build.0 = Debug|Any CPU
		{892F8523-E62D-4B97-9645-258C70077883}.Release|Any CPU.ActiveCfg = Release|Any CPU
		{892F8523-E62D-4B97-9645-258C70077883}.Release|Any CPU.Build.0 = Release|Any CPU
		{892F8523-E62D-4B97-9645-258C70077883}.Release|x64.ActiveCfg = Release|Any CPU
		{892F8523-E62D-4B97-9645-258C70077883}.Release|x64.Build.0 = Release|Any CPU
		{892F8523-E62D-4B97-9645-258C70077883}.Release|x86.ActiveCfg = Release|Any CPU
		{892F8523-E62D-4B97-9645-258C70077883}.Release|x86.Build.0 = Release|Any CPU
		{C909E6C0-E387-4822-B02B-739297A96BB5}.Debug|Any CPU.ActiveCfg = Debug|Any CPU
		{C909E6C0-E387-4822-B02B-739297A96BB5}.Debug|Any CPU.Build.0 = Debug|Any CPU
		{C909E6C0-E387-4822-B02B-739297A96BB5}.Debug|x64.ActiveCfg = Debug|Any CPU
		{C909E6C0-E387-4822-B02B-739297A96BB5}.Debug|x64.Build.0 = Debug|Any CPU
		{C909E6C0-E387-4822-B02B-739297A96BB5}.Debug|x86.ActiveCfg = Debug|Any CPU
		{C909E6C0-E387-4822-B02B-739297A96BB5}.Debug|x86.Build.0 = Debug|Any CPU
		{C909E6C0-E387-4822-B02B-739297A96BB5}.Release|Any CPU.ActiveCfg = Release|Any CPU
		{C909E6C0-E387-4822-B02B-739297A96BB5}.Release|Any CPU.Build.0 = Release|Any CPU
		{C909E6C0-E387-4822-B02B-739297A96BB5}.Release|x64.ActiveCfg = Release|Any CPU
		{C909E6C0-E387-4822-B02B-739297A96BB5}.Release|x64.Build.0 = Release|Any CPU
		{C909E6C0-E387-4822-B02B-739297A96BB5}.Release|x86.ActiveCfg = Release|Any CPU
		{C909E6C0-E387-4822-B02B-739297A96BB5}.Release|x86.Build.0 = Release|Any CPU
		{830EBF65-B12B-4472-8552-31B7A15C7D4A}.Debug|Any CPU.ActiveCfg = Debug|Any CPU
		{830EBF65-B12B-4472-8552-31B7A15C7D4A}.Debug|Any CPU.Build.0 = Debug|Any CPU
		{830EBF65-B12B-4472-8552-31B7A15C7D4A}.Debug|x64.ActiveCfg = Debug|Any CPU
		{830EBF65-B12B-4472-8552-31B7A15C7D4A}.Debug|x64.Build.0 = Debug|Any CPU
		{830EBF65-B12B-4472-8552-31B7A15C7D4A}.Debug|x86.ActiveCfg = Debug|Any CPU
		{830EBF65-B12B-4472-8552-31B7A15C7D4A}.Debug|x86.Build.0 = Debug|Any CPU
		{830EBF65-B12B-4472-8552-31B7A15C7D4A}.Release|Any CPU.ActiveCfg = Release|Any CPU
		{830EBF65-B12B-4472-8552-31B7A15C7D4A}.Release|Any CPU.Build.0 = Release|Any CPU
		{830EBF65-B12B-4472-8552-31B7A15C7D4A}.Release|x64.ActiveCfg = Release|Any CPU
		{830EBF65-B12B-4472-8552-31B7A15C7D4A}.Release|x64.Build.0 = Release|Any CPU
		{830EBF65-B12B-4472-8552-31B7A15C7D4A}.Release|x86.ActiveCfg = Release|Any CPU
		{830EBF65-B12B-4472-8552-31B7A15C7D4A}.Release|x86.Build.0 = Release|Any CPU
		{D3750E7B-AC3C-42F3-8B05-0D97927629B3}.Debug|Any CPU.ActiveCfg = Debug|Any CPU
		{D3750E7B-AC3C-42F3-8B05-0D97927629B3}.Debug|Any CPU.Build.0 = Debug|Any CPU
		{D3750E7B-AC3C-42F3-8B05-0D97927629B3}.Debug|x64.ActiveCfg = Debug|Any CPU
		{D3750E7B-AC3C-42F3-8B05-0D97927629B3}.Debug|x64.Build.0 = Debug|Any CPU
		{D3750E7B-AC3C-42F3-8B05-0D97927629B3}.Debug|x86.ActiveCfg = Debug|Any CPU
		{D3750E7B-AC3C-42F3-8B05-0D97927629B3}.Debug|x86.Build.0 = Debug|Any CPU
		{D3750E7B-AC3C-42F3-8B05-0D97927629B3}.Release|Any CPU.ActiveCfg = Release|Any CPU
		{D3750E7B-AC3C-42F3-8B05-0D97927629B3}.Release|Any CPU.Build.0 = Release|Any CPU
		{D3750E7B-AC3C-42F3-8B05-0D97927629B3}.Release|x64.ActiveCfg = Release|Any CPU
		{D3750E7B-AC3C-42F3-8B05-0D97927629B3}.Release|x64.Build.0 = Release|Any CPU
		{D3750E7B-AC3C-42F3-8B05-0D97927629B3}.Release|x86.ActiveCfg = Release|Any CPU
		{D3750E7B-AC3C-42F3-8B05-0D97927629B3}.Release|x86.Build.0 = Release|Any CPU
		{DABF673C-FC29-49EA-83E2-E64AC1BB7B81}.Debug|Any CPU.ActiveCfg = Debug|Any CPU
		{DABF673C-FC29-49EA-83E2-E64AC1BB7B81}.Debug|Any CPU.Build.0 = Debug|Any CPU
		{DABF673C-FC29-49EA-83E2-E64AC1BB7B81}.Debug|x64.ActiveCfg = Debug|Any CPU
		{DABF673C-FC29-49EA-83E2-E64AC1BB7B81}.Debug|x64.Build.0 = Debug|Any CPU
		{DABF673C-FC29-49EA-83E2-E64AC1BB7B81}.Debug|x86.ActiveCfg = Debug|Any CPU
		{DABF673C-FC29-49EA-83E2-E64AC1BB7B81}.Debug|x86.Build.0 = Debug|Any CPU
		{DABF673C-FC29-49EA-83E2-E64AC1BB7B81}.Release|Any CPU.ActiveCfg = Release|Any CPU
		{DABF673C-FC29-49EA-83E2-E64AC1BB7B81}.Release|Any CPU.Build.0 = Release|Any CPU
		{DABF673C-FC29-49EA-83E2-E64AC1BB7B81}.Release|x64.ActiveCfg = Release|Any CPU
		{DABF673C-FC29-49EA-83E2-E64AC1BB7B81}.Release|x64.Build.0 = Release|Any CPU
		{DABF673C-FC29-49EA-83E2-E64AC1BB7B81}.Release|x86.ActiveCfg = Release|Any CPU
		{DABF673C-FC29-49EA-83E2-E64AC1BB7B81}.Release|x86.Build.0 = Release|Any CPU
		{0D24C962-DB27-47B4-AABF-A6F30D2AE300}.Debug|Any CPU.ActiveCfg = Debug|Any CPU
		{0D24C962-DB27-47B4-AABF-A6F30D2AE300}.Debug|Any CPU.Build.0 = Debug|Any CPU
		{0D24C962-DB27-47B4-AABF-A6F30D2AE300}.Debug|x64.ActiveCfg = Debug|Any CPU
		{0D24C962-DB27-47B4-AABF-A6F30D2AE300}.Debug|x64.Build.0 = Debug|Any CPU
		{0D24C962-DB27-47B4-AABF-A6F30D2AE300}.Debug|x86.ActiveCfg = Debug|Any CPU
		{0D24C962-DB27-47B4-AABF-A6F30D2AE300}.Debug|x86.Build.0 = Debug|Any CPU
		{0D24C962-DB27-47B4-AABF-A6F30D2AE300}.Release|Any CPU.ActiveCfg = Release|Any CPU
		{0D24C962-DB27-47B4-AABF-A6F30D2AE300}.Release|Any CPU.Build.0 = Release|Any CPU
		{0D24C962-DB27-47B4-AABF-A6F30D2AE300}.Release|x64.ActiveCfg = Release|Any CPU
		{0D24C962-DB27-47B4-AABF-A6F30D2AE300}.Release|x64.Build.0 = Release|Any CPU
		{0D24C962-DB27-47B4-AABF-A6F30D2AE300}.Release|x86.ActiveCfg = Release|Any CPU
		{0D24C962-DB27-47B4-AABF-A6F30D2AE300}.Release|x86.Build.0 = Release|Any CPU
	EndGlobalSection
	GlobalSection(NestedProjects) = preSolution
		{6CB2F40F-0B79-4E2B-918D-DE04061BBB1E} = {F520F3D9-D127-47E4-BB88-655CA90D6EE1}
		{892F8523-E62D-4B97-9645-258C70077883} = {F520F3D9-D127-47E4-BB88-655CA90D6EE1}
		{C909E6C0-E387-4822-B02B-739297A96BB5} = {F520F3D9-D127-47E4-BB88-655CA90D6EE1}
		{830EBF65-B12B-4472-8552-31B7A15C7D4A} = {F520F3D9-D127-47E4-BB88-655CA90D6EE1}
		{D3750E7B-AC3C-42F3-8B05-0D97927629B3} = {F520F3D9-D127-47E4-BB88-655CA90D6EE1}
		{DABF673C-FC29-49EA-83E2-E64AC1BB7B81} = {F520F3D9-D127-47E4-BB88-655CA90D6EE1}
		{0D24C962-DB27-47B4-AABF-A6F30D2AE300} = {F520F3D9-D127-47E4-BB88-655CA90D6EE1}
	EndGlobalSection
EndGlobal
